{
  "nodes": {
    "darwin": {
      "inputs": {
        "nixpkgs": [
          "nixpkgs"
        ]
      },
      "locked": {
        "lastModified": 1622060422,
        "narHash": "sha256-hPVlvrAyf6zL7tTx0lpK+tMxEfZeMiIZ/A2xaJ41WOY=",
        "owner": "lnl7",
        "repo": "nix-darwin",
        "rev": "007d700e644ac588ad6668e6439950a5b6e2ff64",
        "type": "github"
      },
      "original": {
        "owner": "lnl7",
        "ref": "master",
        "repo": "nix-darwin",
        "type": "github"
      }
    },
    "flake-compat": {
      "flake": false,
      "locked": {
        "lastModified": 1627913399,
        "narHash": "sha256-hY8g6H2KFL8ownSiFeMOjwPC8P0ueXpCVEbxgda3pko=",
        "owner": "edolstra",
        "repo": "flake-compat",
        "rev": "12c64ca55c1014cdc1b16ed5a804aa8576601ff2",
        "type": "github"
      },
      "original": {
        "owner": "edolstra",
        "repo": "flake-compat",
        "type": "github"
      }
    },
    "flake-utils": {
      "locked": {
        "lastModified": 1623875721,
        "narHash": "sha256-A8BU7bjS5GirpAUv4QA+QnJ4CceLHkcXdRp4xITDB0s=",
        "owner": "numtide",
        "repo": "flake-utils",
        "rev": "f7e004a55b120c02ecb6219596820fcd32ca8772",
        "type": "github"
      },
      "original": {
        "owner": "numtide",
        "repo": "flake-utils",
        "type": "github"
      }
    },
    "flake-utils_2": {
      "locked": {
        "lastModified": 1623875721,
        "narHash": "sha256-A8BU7bjS5GirpAUv4QA+QnJ4CceLHkcXdRp4xITDB0s=",
        "owner": "numtide",
        "repo": "flake-utils",
        "rev": "f7e004a55b120c02ecb6219596820fcd32ca8772",
        "type": "github"
      },
      "original": {
        "owner": "numtide",
        "repo": "flake-utils",
        "type": "github"
      }
    },
    "home-manager": {
      "inputs": {
        "nixpkgs": [
          "nixpkgs"
        ]
      },
      "locked": {
        "lastModified": 1629151238,
        "narHash": "sha256-brMNLZLz8u9+6tSJ9J8dWkp1sT2mFiO3g2jQZVu+rtQ=",
        "owner": "nix-community",
        "repo": "home-manager",
        "rev": "ad0fc085c7b954d5813a950cf0db7143e6b049e3",
        "type": "github"
      },
      "original": {
        "owner": "nix-community",
        "repo": "home-manager",
        "type": "github"
      }
    },
    "neovim": {
      "inputs": {
        "flake-compat": "flake-compat",
        "neovim-flake": "neovim-flake",
        "nixpkgs": [
          "nixpkgs"
        ]
      },
      "locked": {
        "lastModified": 1629101799,
        "narHash": "sha256-nORFXCIY6DDez1n0h4WJMg6VUh9+zE0EXZb2SmgCyRI=",
        "owner": "nix-community",
        "repo": "neovim-nightly-overlay",
        "rev": "fd36b1238720fdd5f01ddb760cc4d51c97c003c3",
        "type": "github"
      },
      "original": {
        "owner": "nix-community",
        "repo": "neovim-nightly-overlay",
        "type": "github"
      }
    },
    "neovim-flake": {
      "inputs": {
        "flake-utils": "flake-utils_2",
        "nixpkgs": [
          "nixpkgs"
        ]
      },
      "locked": {
        "dir": "contrib",
        "lastModified": 1629099801,
        "narHash": "sha256-oQQlr4eqmTO6o6daN6pqMhguejiHhGvE4/dIHfE9tp8=",
        "owner": "neovim",
        "repo": "neovim",
        "rev": "29712aef602b96d70c1cabbc7c717be1d045c4ca",
        "type": "github"
      },
      "original": {
        "dir": "contrib",
        "owner": "neovim",
        "repo": "neovim",
        "type": "github"
      }
    },
    "nixpkgs": {
      "locked": {
        "lastModified": 1629084988,
        "narHash": "sha256-pfwrVPXx36ozrCP2cWLGC615EE1MNPSARBu5IlIVVbw=",
        "owner": "nixos",
        "repo": "nixpkgs",
        "rev": "697891710272f11611cf892ec0ab675fffa48e9c",
        "type": "github"
      },
      "original": {
        "owner": "nixos",
        "ref": "nixpkgs-unstable",
        "repo": "nixpkgs",
        "type": "github"
      }
    },
    "nur": {
      "locked": {
        "lastModified": 1629157926,
        "narHash": "sha256-1iD1nc8nxYq4CZrT3nr68Cihfpw77yzzu7Y2HE/o8aE=",
        "owner": "nix-community",
        "repo": "NUR",
        "rev": "dcc1f8044b75fab0520a8d6283450554dd324352",
        "type": "github"
      },
      "original": {
        "owner": "nix-community",
        "repo": "NUR",
        "type": "github"
      }
    },
    "root": {
      "inputs": {
        "darwin": "darwin",
        "flake-utils": "flake-utils",
        "home-manager": "home-manager",
        "neovim": "neovim",
        "nixpkgs": "nixpkgs",
        "nur": "nur",
        "spacebar": "spacebar"
      }
    },
    "spacebar": {
      "inputs": {
        "nixpkgs": [
          "nixpkgs"
        ]
      },
      "locked": {
        "lastModified": 1619365544,
        "narHash": "sha256-f72eQ5KrsBPKlCCENDeTA+Lkqik/ps2xotS2CrEpMpM=",
        "owner": "cmacrae",
        "repo": "spacebar",
        "rev": "96e210e579c1f7a0ce80074e0f22b73e7a7cef00",
        "type": "github"
      },
      "original": {
        "owner": "cmacrae",
        "ref": "v1.3.0",
        "repo": "spacebar",
        "type": "github"
      }
    }
  },
  "root": "root",
  "version": 7
}
