{
  "nodes": {
    "darwin": {
      "inputs": {
        "nixpkgs": [
          "nixpkgs"
        ]
      },
      "locked": {
        "lastModified": 1622060422,
        "narHash": "sha256-hPVlvrAyf6zL7tTx0lpK+tMxEfZeMiIZ/A2xaJ41WOY=",
        "owner": "lnl7",
        "repo": "nix-darwin",
        "rev": "007d700e644ac588ad6668e6439950a5b6e2ff64",
        "type": "github"
      },
      "original": {
        "owner": "lnl7",
        "ref": "master",
        "repo": "nix-darwin",
        "type": "github"
      }
    },
    "flake-compat": {
      "flake": false,
      "locked": {
        "lastModified": 1627913399,
        "narHash": "sha256-hY8g6H2KFL8ownSiFeMOjwPC8P0ueXpCVEbxgda3pko=",
        "owner": "edolstra",
        "repo": "flake-compat",
        "rev": "12c64ca55c1014cdc1b16ed5a804aa8576601ff2",
        "type": "github"
      },
      "original": {
        "owner": "edolstra",
        "repo": "flake-compat",
        "type": "github"
      }
    },
    "flake-utils": {
      "locked": {
        "lastModified": 1623875721,
        "narHash": "sha256-A8BU7bjS5GirpAUv4QA+QnJ4CceLHkcXdRp4xITDB0s=",
        "owner": "numtide",
        "repo": "flake-utils",
        "rev": "f7e004a55b120c02ecb6219596820fcd32ca8772",
        "type": "github"
      },
      "original": {
        "owner": "numtide",
        "repo": "flake-utils",
        "type": "github"
      }
    },
    "flake-utils_2": {
      "locked": {
        "lastModified": 1623875721,
        "narHash": "sha256-A8BU7bjS5GirpAUv4QA+QnJ4CceLHkcXdRp4xITDB0s=",
        "owner": "numtide",
        "repo": "flake-utils",
        "rev": "f7e004a55b120c02ecb6219596820fcd32ca8772",
        "type": "github"
      },
      "original": {
        "owner": "numtide",
        "repo": "flake-utils",
        "type": "github"
      }
    },
    "home-manager": {
      "inputs": {
        "nixpkgs": [
          "nixpkgs"
        ]
      },
      "locked": {
        "lastModified": 1628547133,
        "narHash": "sha256-KCOyWv81NxRO2vgqtu09bbndXmy3T/0PkSfrXxnFN+8=",
        "owner": "nix-community",
        "repo": "home-manager",
        "rev": "5515ec99cc1a8df5b8ca2204f752e1501572fa1b",
        "type": "github"
      },
      "original": {
        "owner": "nix-community",
        "repo": "home-manager",
        "type": "github"
      }
    },
    "neovim": {
      "inputs": {
        "flake-compat": "flake-compat",
        "neovim-flake": "neovim-flake",
        "nixpkgs": [
          "nixpkgs"
        ]
      },
      "locked": {
        "lastModified": 1628583586,
        "narHash": "sha256-XsC4EP6VXrD8rYQBMOnuvdnpDCrcMUgdpLJ+wH+OaRE=",
        "owner": "nix-community",
        "repo": "neovim-nightly-overlay",
        "rev": "117ae334f0a35d06de8585fde7240b6f7e3f1bb4",
        "type": "github"
      },
      "original": {
        "owner": "nix-community",
        "repo": "neovim-nightly-overlay",
        "type": "github"
      }
    },
    "neovim-flake": {
      "inputs": {
        "flake-utils": "flake-utils_2",
        "nixpkgs": [
          "nixpkgs"
        ]
      },
      "locked": {
        "dir": "contrib",
        "lastModified": 1628546218,
        "narHash": "sha256-ZRDA6x4FNw6DqdZS7Itpj0oONWVkA0/Htj2Gc1nreW4=",
        "owner": "neovim",
        "repo": "neovim",
        "rev": "1a10acb997d2c454bef2c787faecde429c0c977b",
        "type": "github"
      },
      "original": {
        "dir": "contrib",
        "owner": "neovim",
        "repo": "neovim",
        "type": "github"
      }
    },
    "nixpkgs": {
      "locked": {
        "lastModified": 1628544487,
        "narHash": "sha256-hPr1QDIasZTT48dPEQpKGstSKY6U1S/MljxDDWNFZiM=",
        "owner": "nixos",
        "repo": "nixpkgs",
        "rev": "3f7771d65cca13a229e11f4aeaaf9245414a2134",
        "type": "github"
      },
      "original": {
        "owner": "nixos",
        "ref": "nixpkgs-unstable",
        "repo": "nixpkgs",
        "type": "github"
      }
    },
    "nur": {
      "locked": {
        "lastModified": 1628582616,
        "narHash": "sha256-32CiZEdPgmBadqv156A3khcD3vsSEfqk8dPPIMYAj0k=",
        "owner": "nix-community",
        "repo": "NUR",
        "rev": "923732420ab983960780855c28e3f150800d914e",
        "type": "github"
      },
      "original": {
        "owner": "nix-community",
        "repo": "NUR",
        "type": "github"
      }
    },
    "root": {
      "inputs": {
        "darwin": "darwin",
        "flake-utils": "flake-utils",
        "home-manager": "home-manager",
        "neovim": "neovim",
        "nixpkgs": "nixpkgs",
        "nur": "nur",
        "spacebar": "spacebar"
      }
    },
    "spacebar": {
      "inputs": {
        "nixpkgs": [
          "nixpkgs"
        ]
      },
      "locked": {
        "lastModified": 1619365544,
        "narHash": "sha256-f72eQ5KrsBPKlCCENDeTA+Lkqik/ps2xotS2CrEpMpM=",
        "owner": "cmacrae",
        "repo": "spacebar",
        "rev": "96e210e579c1f7a0ce80074e0f22b73e7a7cef00",
        "type": "github"
      },
      "original": {
        "owner": "cmacrae",
        "ref": "v1.3.0",
        "repo": "spacebar",
        "type": "github"
      }
    }
  },
  "root": "root",
  "version": 7
}
